
Microsoft Visual Studio Solution File, Format Version 12.00
# Visual Studio Version 16
VisualStudioVersion = 16.0.29911.84
MinimumVisualStudioVersion = 10.0.40219.1
Project("{FAE04EC0-301F-11D3-BF4B-00C04F79EFBC}") = "Elastique.Messaging.Client", "Elastique.Messaging.Client\Elastique.Messaging.Client.csproj", "{2346C511-D10F-49BB-83A8-1D99D6566E1D}"
EndProject
Project("{FAE04EC0-301F-11D3-BF4B-00C04F79EFBC}") = "Elastique.Messaging.Common", "Elastique.Messaging.Common\Elastique.Messaging.Common.csproj", "{4BD1BC87-BEB6-419F-94DD-49C9A40DE494}"
EndProject
Project("{FAE04EC0-301F-11D3-BF4B-00C04F79EFBC}") = "Elastique.Messaging.Server", "Elastique.Messaging.Server\Elastique.Messaging.Server.csproj", "{B9D568D7-919E-42B0-85D0-6149B3C52EC9}"
EndProject
Project("{FAE04EC0-301F-11D3-BF4B-00C04F79EFBC}") = "Elastique.Messaging.Testing", "Elastique.Messaging.Testing\Elastique.Messaging.Testing.csproj", "{A35BD145-894C-420B-A3D4-E12584810920}"
EndProject
Global
	GlobalSection(SolutionConfigurationPlatforms) = preSolution
		Debug|Any CPU = Debug|Any CPU
		Release|Any CPU = Release|Any CPU
	EndGlobalSection
	GlobalSection(ProjectConfigurationPlatforms) = postSolution
		{2346C511-D10F-49BB-83A8-1D99D6566E1D}.Debug|Any CPU.ActiveCfg = Debug|Any CPU
		{2346C511-D10F-49BB-83A8-1D99D6566E1D}.Debug|Any CPU.Build.0 = Debug|Any CPU
		{2346C511-D10F-49BB-83A8-1D99D6566E1D}.Release|Any CPU.ActiveCfg = Release|Any CPU
		{2346C511-D10F-49BB-83A8-1D99D6566E1D}.Release|Any CPU.Build.0 = Release|Any CPU
		{4BD1BC87-BEB6-419F-94DD-49C9A40DE494}.Debug|Any CPU.ActiveCfg = Debug|Any CPU
		{4BD1BC87-BEB6-419F-94DD-49C9A40DE494}.Debug|Any CPU.Build.0 = Debug|Any CPU
		{4BD1BC87-BEB6-419F-94DD-49C9A40DE494}.Release|Any CPU.ActiveCfg = Release|Any CPU
		{4BD1BC87-BEB6-419F-94DD-49C9A40DE494}.Release|Any CPU.Build.0 = Release|Any CPU
		{B9D568D7-919E-42B0-85D0-6149B3C52EC9}.Debug|Any CPU.ActiveCfg = Debug|Any CPU
		{B9D568D7-919E-42B0-85D0-6149B3C52EC9}.Debug|Any CPU.Build.0 = Debug|Any CPU
		{B9D568D7-919E-42B0-85D0-6149B3C52EC9}.Release|Any CPU.ActiveCfg = Release|Any CPU
		{B9D568D7-919E-42B0-85D0-6149B3C52EC9}.Release|Any CPU.Build.0 = Release|Any CPU
		{A35BD145-894C-420B-A3D4-E12584810920}.Debug|Any CPU.ActiveCfg = Debug|Any CPU
		{A35BD145-894C-420B-A3D4-E12584810920}.Debug|Any CPU.Build.0 = Debug|Any CPU
		{A35BD145-894C-420B-A3D4-E12584810920}.Release|Any CPU.ActiveCfg = Release|Any CPU
		{A35BD145-894C-420B-A3D4-E12584810920}.Release|Any CPU.Build.0 = Release|Any CPU
	EndGlobalSection
	GlobalSection(SolutionProperties) = preSolution
		HideSolutionNode = FALSE
	EndGlobalSection
	GlobalSection(ExtensibilityGlobals) = postSolution
		SolutionGuid = {333E70DE-9643-41EC-9786-9065DF9009A9}
	EndGlobalSection
EndGlobal
